// !$*UTF8*$!
{
	archiveVersion = 1;
	classes = {
	};
	objectVersion = 50;
	objects = {

/* Begin PBXBuildFile section */
		0E65315C20CA7FCC009FF169 /* AppDelegate.swift in Sources */ = {isa = PBXBuildFile; fileRef = 0E65315B20CA7FCC009FF169 /* AppDelegate.swift */; };
		0E65315E20CA7FCC009FF169 /* ViewController.swift in Sources */ = {isa = PBXBuildFile; fileRef = 0E65315D20CA7FCC009FF169 /* ViewController.swift */; };
		0E65316120CA7FCC009FF169 /* Main.storyboard in Resources */ = {isa = PBXBuildFile; fileRef = 0E65315F20CA7FCC009FF169 /* Main.storyboard */; };
		0E65316320CA7FE0009FF169 /* Assets.xcassets in Resources */ = {isa = PBXBuildFile; fileRef = 0E65316220CA7FE0009FF169 /* Assets.xcassets */; };
		0E65316620CA7FE0009FF169 /* LaunchScreen.storyboard in Resources */ = {isa = PBXBuildFile; fileRef = 0E65316420CA7FE0009FF169 /* LaunchScreen.storyboard */; };
		0E65316F20CA80BB009FF169 /* Reachability.swift in Sources */ = {isa = PBXBuildFile; fileRef = 0E65316D20CA80BB009FF169 /* Reachability.swift */; };
		0E65317120CA80E7009FF169 /* NetworkManager.swift in Sources */ = {isa = PBXBuildFile; fileRef = 0E65317020CA80E7009FF169 /* NetworkManager.swift */; };
/* End PBXBuildFile section */

/* Begin PBXFileReference section */
		0E65315820CA7FCB009FF169 /* Internet Connect Demo.app */ = {isa = PBXFileReference; explicitFileType = wrapper.application; includeInIndex = 0; path = "Internet Connect Demo.app"; sourceTree = BUILT_PRODUCTS_DIR; };
		0E65315B20CA7FCC009FF169 /* AppDelegate.swift */ = {isa = PBXFileReference; lastKnownFileType = sourcecode.swift; path = AppDelegate.swift; sourceTree = "<group>"; };
		0E65315D20CA7FCC009FF169 /* ViewController.swift */ = {isa = PBXFileReference; lastKnownFileType = sourcecode.swift; path = ViewController.swift; sourceTree = "<group>"; };
		0E65316020CA7FCC009FF169 /* Base */ = {isa = PBXFileReference; lastKnownFileType = file.storyboard; name = Base; path = Base.lproj/Main.storyboard; sourceTree = "<group>"; };
		0E65316220CA7FE0009FF169 /* Assets.xcassets */ = {isa = PBXFileReference; lastKnownFileType = folder.assetcatalog; path = Assets.xcassets; sourceTree = "<group>"; };
		0E65316520CA7FE0009FF169 /* Base */ = {isa = PBXFileReference; lastKnownFileType = file.storyboard; name = Base; path = Base.lproj/LaunchScreen.storyboard; sourceTree = "<group>"; };
		0E65316720CA7FE0009FF169 /* Info.plist */ = {isa = PBXFileReference; lastKnownFileType = text.plist.xml; path = Info.plist; sourceTree = "<group>"; };
		0E65316D20CA80BB009FF169 /* Reachability.swift */ = {isa = PBXFileReference; fileEncoding = 4; lastKnownFileType = sourcecode.swift; path = Reachability.swift; sourceTree = "<group>"; };
		0E65316E20CA80BB009FF169 /* Reachability.h */ = {isa = PBXFileReference; fileEncoding = 4; lastKnownFileType = sourcecode.c.h; path = Reachability.h; sourceTree = "<group>"; };
		0E65317020CA80E7009FF169 /* NetworkManager.swift */ = {isa = PBXFileReference; lastKnownFileType = sourcecode.swift; path = NetworkManager.swift; sourceTree = "<group>"; };
/* End PBXFileReference section */

/* Begin PBXFrameworksBuildPhase section */
		0E65315520CA7FCB009FF169 /* Frameworks */ = {
			isa = PBXFrameworksBuildPhase;
			buildActionMask = 2147483647;
			files = (
			);
			runOnlyForDeploymentPostprocessing = 0;
		};
/* End PBXFrameworksBuildPhase section */

/* Begin PBXGroup section */
		0E65314F20CA7FCA009FF169 = {
			isa = PBXGroup;
			children = (
				0E65315A20CA7FCB009FF169 /* Internet Connect Demo */,
				0E65315920CA7FCB009FF169 /* Products */,
			);
			sourceTree = "<group>";
		};
		0E65315920CA7FCB009FF169 /* Products */ = {
			isa = PBXGroup;
			children = (
				0E65315820CA7FCB009FF169 /* Internet Connect Demo.app */,
			);
			name = Products;
			sourceTree = "<group>";
		};
		0E65315A20CA7FCB009FF169 /* Internet Connect Demo */ = {
			isa = PBXGroup;
			children = (
				0E65316E20CA80BB009FF169 /* Reachability.h */,
				0E65316D20CA80BB009FF169 /* Reachability.swift */,
				0E65315B20CA7FCC009FF169 /* AppDelegate.swift */,
				0E65315D20CA7FCC009FF169 /* ViewController.swift */,
				0E65317020CA80E7009FF169 /* NetworkManager.swift */,
				0E65315F20CA7FCC009FF169 /* Main.storyboard */,
				0E65316220CA7FE0009FF169 /* Assets.xcassets */,
				0E65316420CA7FE0009FF169 /* LaunchScreen.storyboard */,
				0E65316720CA7FE0009FF169 /* Info.plist */,
			);
			path = "Internet Connect Demo";
			sourceTree = "<group>";
		};
/* End PBXGroup section */

/* Begin PBXNativeTarget section */
		0E65315720CA7FCB009FF169 /* Internet Connect Demo */ = {
			isa = PBXNativeTarget;
			buildConfigurationList = 0E65316A20CA7FE0009FF169 /* Build configuration list for PBXNativeTarget "Internet Connect Demo" */;
			buildPhases = (
				0E65315420CA7FCB009FF169 /* Sources */,
				0E65315520CA7FCB009FF169 /* Frameworks */,
				0E65315620CA7FCB009FF169 /* Resources */,
			);
			buildRules = (
			);
			dependencies = (
			);
			name = "Internet Connect Demo";
			productName = "Internet Connect Demo";
			productReference = 0E65315820CA7FCB009FF169 /* Internet Connect Demo.app */;
			productType = "com.apple.product-type.application";
		};
/* End PBXNativeTarget section */

/* Begin PBXProject section */
		0E65315020CA7FCA009FF169 /* Project object */ = {
			isa = PBXProject;
			attributes = {
				LastSwiftUpdateCheck = 0930;
				LastUpgradeCheck = 0930;
				ORGANIZATIONNAME = "Nasir Ahmed Momin";
				TargetAttributes = {
					0E65315720CA7FCB009FF169 = {
						CreatedOnToolsVersion = 9.3;
					};
				};
			};
			buildConfigurationList = 0E65315320CA7FCA009FF169 /* Build configuration list for PBXProject "Internet Connect Demo" */;
			compatibilityVersion = "Xcode 9.3";
			developmentRegion = en;
			hasScannedForEncodings = 0;
			knownRegions = (
				en,
				Base,
			);
			mainGroup = 0E65314F20CA7FCA009FF169;
			productRefGroup = 0E65315920CA7FCB009FF169 /* Products */;
			projectDirPath = "";
			projectRoot = "";
			targets = (
				0E65315720CA7FCB009FF169 /* Internet Connect Demo */,
			);
		};
/* End PBXProject section */

/* Begin PBXResourcesBuildPhase section */
		0E65315620CA7FCB009FF169 /* Resources */ = {
			isa = PBXResourcesBuildPhase;
			buildActionMask = 2147483647;
			files = (
				0E65316620CA7FE0009FF169 /* LaunchScreen.storyboard in Resources */,
				0E65316320CA7FE0009FF169 /* Assets.xcassets in Resources */,
				0E65316120CA7FCC009FF169 /* Main.storyboard in Resources */,
			);
			runOnlyForDeploymentPostprocessing = 0;
		};
/* End PBXResourcesBuildPhase section */

/* Begin PBXSourcesBuildPhase section */
		0E65315420CA7FCB009FF169 /* Sources */ = {
			isa = PBXSourcesBuildPhase;
			buildActionMask = 2147483647;
			files = (
				0E65317120CA80E7009FF169 /* NetworkManager.swift in Sources */,
				0E65315E20CA7FCC009FF169 /* ViewController.swift in Sources */,
				0E65315C20CA7FCC009FF169 /* AppDelegate.swift in Sources */,
				0E65316F20CA80BB009FF169 /* Reachability.swift in Sources */,
			);
			runOnlyForDeploymentPostprocessing = 0;
		};
/* End PBXSourcesBuildPhase section */

/* Begin PBXVariantGroup section */
		0E65315F20CA7FCC009FF169 /* Main.storyboard */ = {
			isa = PBXVariantGroup;
			children = (
				0E65316020CA7FCC009FF169 /* Base */,
			);
			name = Main.storyboard;
			sourceTree = "<group>";
		};
		0E65316420CA7FE0009FF169 /* LaunchScreen.storyboard */ = {
			isa = PBXVariantGroup;
			children = (
				0E65316520CA7FE0009FF169 /* Base */,
			);
			name = LaunchScreen.storyboard;
			sourceTree = "<group>";
		};
/* End PBXVariantGroup section */

/* Begin XCBuildConfiguration section */
		0E65316820CA7FE0009FF169 /* Debug */ = {
			isa = XCBuildConfiguration;
			buildSettings = {
				ALWAYS_SEARCH_USER_PATHS = NO;
				CLANG_ANALYZER_NONNULL = YES;
				CLANG_ANALYZER_NUMBER_OBJECT_CONVERSION = YES_AGGRESSIVE;
				CLANG_CXX_LANGUAGE_STANDARD = "gnu++14";
				CLANG_CXX_LIBRARY = "libc++";
				CLANG_ENABLE_MODULES = YES;
				CLANG_ENABLE_OBJC_ARC = YES;
				CLANG_ENABLE_OBJC_WEAK = YES;
				CLANG_WARN_BLOCK_CAPTURE_AUTORELEASING = YES;
				CLANG_WARN_BOOL_CONVERSION = YES;
				CLANG_WARN_COMMA = YES;
				CLANG_WARN_CONSTANT_CONVERSION = YES;
				CLANG_WARN_DEPRECATED_OBJC_IMPLEMENTATIONS = YES;
				CLANG_WARN_DIRECT_OBJC_ISA_USAGE = YES_ERROR;
				CLANG_WARN_DOCUMENTATION_COMMENTS = YES;
				CLANG_WARN_EMPTY_BODY = YES;
				CLANG_WARN_ENUM_CONVERSION = YES;
				CLANG_WARN_INFINITE_RECURSION = YES;
				CLANG_WARN_INT_CONVERSION = YES;
				CLANG_WARN_NON_LITERAL_NULL_CONVERSION = YES;
				CLANG_WARN_OBJC_IMPLICIT_RETAIN_SELF = YES;
				CLANG_WARN_OBJC_LITERAL_CONVERSION = YES;
				CLANG_WARN_OBJC_ROOT_CLASS = YES_ERROR;
				CLANG_WARN_RANGE_LOOP_ANALYSIS = YES;
				CLANG_WARN_STRICT_PROTOTYPES = YES;
				CLANG_WARN_SUSPICIOUS_MOVE = YES;
				CLANG_WARN_UNGUARDED_AVAILABILITY = YES_AGGRESSIVE;
				CLANG_WARN_UNREACHABLE_CODE = YES;
				CLANG_WARN__DUPLICATE_METHOD_MATCH = YES;
				CODE_SIGN_IDENTITY = "iPhone Developer";
				COPY_PHASE_STRIP = NO;
				DEBUG_INFORMATION_FORMAT = dwarf;
				ENABLE_STRICT_OBJC_MSGSEND = YES;
				ENABLE_TESTABILITY = YES;
				GCC_C_LANGUAGE_STANDARD = gnu11;
				GCC_DYNAMIC_NO_PIC = NO;
				GCC_NO_COMMON_BLOCKS = YES;
				GCC_OPTIMIZATION_LEVEL = 0;
				GCC_PREPROCESSOR_DEFINITIONS = (
					"DEBUG=1",
					"$(inherited)",
				);
				GCC_WARN_64_TO_32_BIT_CONVERSION = YES;
				GCC_WARN_ABOUT_RETURN_TYPE = YES_ERROR;
				GCC_WARN_UNDECLARED_SELECTOR = YES;
				GCC_WARN_UNINITIALIZED_AUTOS = YES_AGGRESSIVE;
				GCC_WARN_UNUSED_FUNCTION = YES;
				GCC_WARN_UNUSED_VARIABLE = YES;
				IPHONEOS_DEPLOYMENT_TARGET = 11.3;
				MTL_ENABLE_DEBUG_INFO = YES;
				ONLY_ACTIVE_ARCH = YES;
				SDKROOT = iphoneos;
				SWIFT_ACTIVE_COMPILATION_CONDITIONS = DEBUG;
				SWIFT_OPTIMIZATION_LEVEL = "-Onone";
			};
			name = Debug;
		};
		0E65316920CA7FE0009FF169 /* Release */ = {
			isa = XCBuildConfiguration;
			buildSettings = {
				ALWAYS_SEARCH_USER_PATHS = NO;
				CLANG_ANALYZER_NONNULL = YES;
				CLANG_ANALYZER_NUMBER_OBJECT_CONVERSION = YES_AGGRESSIVE;
				CLANG_CXX_LANGUAGE_STANDARD = "gnu++14";
				CLANG_CXX_LIBRARY = "libc++";
				CLANG_ENABLE_MODULES = YES;
				CLANG_ENABLE_OBJC_ARC = YES;
				CLANG_ENABLE_OBJC_WEAK = YES;
				CLANG_WARN_BLOCK_CAPTURE_AUTORELEASING = YES;
				CLANG_WARN_BOOL_CONVERSION = YES;
				CLANG_WARN_COMMA = YES;
				CLANG_WARN_CONSTANT_CONVERSION = YES;
				CLANG_WARN_DEPRECATED_OBJC_IMPLEMENTATIONS = YES;
				CLANG_WARN_DIRECT_OBJC_ISA_USAGE = YES_ERROR;
				CLANG_WARN_DOCUMENTATION_COMMENTS = YES;
				CLANG_WARN_EMPTY_BODY = YES;
				CLANG_WARN_ENUM_CONVERSION = YES;
				CLANG_WARN_INFINITE_RECURSION = YES;
				CLANG_WARN_INT_CONVERSION = YES;
				CLANG_WARN_NON_LITERAL_NULL_CONVERSION = YES;
				CLANG_WARN_OBJC_IMPLICIT_RETAIN_SELF = YES;
				CLANG_WARN_OBJC_LITERAL_CONVERSION = YES;
				CLANG_WARN_OBJC_ROOT_CLASS = YES_ERROR;
				CLANG_WARN_RANGE_LOOP_ANALYSIS = YES;
				CLANG_WARN_STRICT_PROTOTYPES = YES;
				CLANG_WARN_SUSPICIOUS_MOVE = YES;
				CLANG_WARN_UNGUARDED_AVAILABILITY = YES_AGGRESSIVE;
				CLANG_WARN_UNREACHABLE_CODE = YES;
				CLANG_WARN__DUPLICATE_METHOD_MATCH = YES;
				CODE_SIGN_IDENTITY = "iPhone Developer";
				COPY_PHASE_STRIP = NO;
				DEBUG_INFORMATION_FORMAT = "dwarf-with-dsym";
				ENABLE_NS_ASSERTIONS = NO;
				ENABLE_STRICT_OBJC_MSGSEND = YES;
				GCC_C_LANGUAGE_STANDARD = gnu11;
				GCC_NO_COMMON_BLOCKS = YES;
				GCC_WARN_64_TO_32_BIT_CONVERSION = YES;
				GCC_WARN_ABOUT_RETURN_TYPE = YES_ERROR;
				GCC_WARN_UNDECLARED_SELECTOR = YES;
				GCC_WARN_UNINITIALIZED_AUTOS = YES_AGGRESSIVE;
				GCC_WARN_UNUSED_FUNCTION = YES;
				GCC_WARN_UNUSED_VARIABLE = YES;
				IPHONEOS_DEPLOYMENT_TARGET = 11.3;
				MTL_ENABLE_DEBUG_INFO = NO;
				SDKROOT = iphoneos;
				SWIFT_COMPILATION_MODE = wholemodule;
				SWIFT_OPTIMIZATION_LEVEL = "-O";
				VALIDATE_PRODUCT = YES;
			};
			name = Release;
		};
		0E65316B20CA7FE0009FF169 /* Debug */ = {
			isa = XCBuildConfiguration;
			buildSettings = {
				ASSETCATALOG_COMPILER_APPICON_NAME = AppIcon;
				CODE_SIGN_STYLE = Automatic;
				INFOPLIST_FILE = "Internet Connect Demo/Info.plist";
				LD_RUNPATH_SEARCH_PATHS = (
					"$(inherited)",
					"@executable_path/Frameworks",
				);
				PRODUCT_BUNDLE_IDENTIFIER = "Exilant.Internet-Connect-Demo";
				PRODUCT_NAME = "$(TARGET_NAME)";
				SWIFT_VERSION = 4.0;
				TARGETED_DEVICE_FAMILY = "1,2";
			};
			name = Debug;
		};
		0E65316C20CA7FE0009FF169 /* Release */ = {
			isa = XCBuildConfiguration;
			buildSettings = {
				ASSETCATALOG_COMPILER_APPICON_NAME = AppIcon;
				CODE_SIGN_STYLE = Automatic;
				INFOPLIST_FILE = "Internet Connect Demo/Info.plist";
				LD_RUNPATH_SEARCH_PATHS = (
					"$(inherited)",
					"@executable_path/Frameworks",
				);
				PRODUCT_BUNDLE_IDENTIFIER = "Exilant.Internet-Connect-Demo";
				PRODUCT_NAME = "$(TARGET_NAME)";
				SWIFT_VERSION = 4.0;
				TARGETED_DEVICE_FAMILY = "1,2";
			};
			name = Release;
		};
/* End XCBuildConfiguration section */

/* Begin XCConfigurationList section */
		0E65315320CA7FCA009FF169 /* Build configuration list for PBXProject "Internet Connect Demo" */ = {
			isa = XCConfigurationList;
			buildConfigurations = (
				0E65316820CA7FE0009FF169 /* Debug */,
				0E65316920CA7FE0009FF169 /* Release */,
			);
			defaultConfigurationIsVisible = 0;
			defaultConfigurationName = Release;
		};
		0E65316A20CA7FE0009FF169 /* Build configuration list for PBXNativeTarget "Internet Connect Demo" */ = {
			isa = XCConfigurationList;
			buildConfigurations = (
				0E65316B20CA7FE0009FF169 /* Debug */,
				0E65316C20CA7FE0009FF169 /* Release */,
			);
			defaultConfigurationIsVisible = 0;
			defaultConfigurationName = Release;
		};
/* End XCConfigurationList section */
	};
	rootObject = 0E65315020CA7FCA009FF169 /* Project object */;
}
