// !$*UTF8*$!
{
	archiveVersion = 1;
	classes = {
	};
	objectVersion = 48;
	objects = {

/* Begin PBXBuildFile section */
		0EAC2D852091C46B001FB370 /* AppDelegate.swift in Sources */ = {isa = PBXBuildFile; fileRef = 0EAC2D842091C46B001FB370 /* AppDelegate.swift */; };
		0EAC2D872091C46B001FB370 /* Document.swift in Sources */ = {isa = PBXBuildFile; fileRef = 0EAC2D862091C46B001FB370 /* Document.swift */; };
		0EAC2D8A2091C46B001FB370 /* Document.xib in Resources */ = {isa = PBXBuildFile; fileRef = 0EAC2D882091C46B001FB370 /* Document.xib */; };
		0EAC2D8C2091C46B001FB370 /* Assets.xcassets in Resources */ = {isa = PBXBuildFile; fileRef = 0EAC2D8B2091C46B001FB370 /* Assets.xcassets */; };
		0EAC2D8F2091C46B001FB370 /* MainMenu.xib in Resources */ = {isa = PBXBuildFile; fileRef = 0EAC2D8D2091C46B001FB370 /* MainMenu.xib */; };
/* End PBXBuildFile section */

/* Begin PBXFileReference section */
		0EAC2D812091C46B001FB370 /* ZIPSpector.app */ = {isa = PBXFileReference; explicitFileType = wrapper.application; includeInIndex = 0; path = ZIPSpector.app; sourceTree = BUILT_PRODUCTS_DIR; };
		0EAC2D842091C46B001FB370 /* AppDelegate.swift */ = {isa = PBXFileReference; lastKnownFileType = sourcecode.swift; path = AppDelegate.swift; sourceTree = "<group>"; };
		0EAC2D862091C46B001FB370 /* Document.swift */ = {isa = PBXFileReference; lastKnownFileType = sourcecode.swift; path = Document.swift; sourceTree = "<group>"; };
		0EAC2D892091C46B001FB370 /* Base */ = {isa = PBXFileReference; lastKnownFileType = file.xib; name = Base; path = Base.lproj/Document.xib; sourceTree = "<group>"; };
		0EAC2D8B2091C46B001FB370 /* Assets.xcassets */ = {isa = PBXFileReference; lastKnownFileType = folder.assetcatalog; path = Assets.xcassets; sourceTree = "<group>"; };
		0EAC2D8E2091C46B001FB370 /* Base */ = {isa = PBXFileReference; lastKnownFileType = file.xib; name = Base; path = Base.lproj/MainMenu.xib; sourceTree = "<group>"; };
		0EAC2D902091C46B001FB370 /* Info.plist */ = {isa = PBXFileReference; lastKnownFileType = text.plist.xml; path = Info.plist; sourceTree = "<group>"; };
		0EAC2D912091C46B001FB370 /* ZIPSpector.entitlements */ = {isa = PBXFileReference; lastKnownFileType = text.plist.entitlements; path = ZIPSpector.entitlements; sourceTree = "<group>"; };
/* End PBXFileReference section */

/* Begin PBXFrameworksBuildPhase section */
		0EAC2D7E2091C46B001FB370 /* Frameworks */ = {
			isa = PBXFrameworksBuildPhase;
			buildActionMask = 2147483647;
			files = (
			);
			runOnlyForDeploymentPostprocessing = 0;
		};
/* End PBXFrameworksBuildPhase section */

/* Begin PBXGroup section */
		0EAC2D782091C46A001FB370 = {
			isa = PBXGroup;
			children = (
				0EAC2D832091C46B001FB370 /* ZIPSpector */,
				0EAC2D822091C46B001FB370 /* Products */,
			);
			sourceTree = "<group>";
		};
		0EAC2D822091C46B001FB370 /* Products */ = {
			isa = PBXGroup;
			children = (
				0EAC2D812091C46B001FB370 /* ZIPSpector.app */,
			);
			name = Products;
			sourceTree = "<group>";
		};
		0EAC2D832091C46B001FB370 /* ZIPSpector */ = {
			isa = PBXGroup;
			children = (
				0EAC2D842091C46B001FB370 /* AppDelegate.swift */,
				0EAC2D862091C46B001FB370 /* Document.swift */,
				0EAC2D882091C46B001FB370 /* Document.xib */,
				0EAC2D8B2091C46B001FB370 /* Assets.xcassets */,
				0EAC2D8D2091C46B001FB370 /* MainMenu.xib */,
				0EAC2D902091C46B001FB370 /* Info.plist */,
				0EAC2D912091C46B001FB370 /* ZIPSpector.entitlements */,
			);
			path = ZIPSpector;
			sourceTree = "<group>";
		};
/* End PBXGroup section */

/* Begin PBXNativeTarget section */
		0EAC2D802091C46B001FB370 /* ZIPSpector */ = {
			isa = PBXNativeTarget;
			buildConfigurationList = 0EAC2D942091C46B001FB370 /* Build configuration list for PBXNativeTarget "ZIPSpector" */;
			buildPhases = (
				0EAC2D7D2091C46B001FB370 /* Sources */,
				0EAC2D7E2091C46B001FB370 /* Frameworks */,
				0EAC2D7F2091C46B001FB370 /* Resources */,
			);
			buildRules = (
			);
			dependencies = (
			);
			name = ZIPSpector;
			productName = ZIPSpector;
			productReference = 0EAC2D812091C46B001FB370 /* ZIPSpector.app */;
			productType = "com.apple.product-type.application";
		};
/* End PBXNativeTarget section */

/* Begin PBXProject section */
		0EAC2D792091C46B001FB370 /* Project object */ = {
			isa = PBXProject;
			attributes = {
				LastSwiftUpdateCheck = 0920;
				LastUpgradeCheck = 0920;
				ORGANIZATIONNAME = "Nasir Ahmed Momin";
				TargetAttributes = {
					0EAC2D802091C46B001FB370 = {
						CreatedOnToolsVersion = 9.2;
						ProvisioningStyle = Automatic;
					};
				};
			};
			buildConfigurationList = 0EAC2D7C2091C46B001FB370 /* Build configuration list for PBXProject "ZIPSpector" */;
			compatibilityVersion = "Xcode 8.0";
			developmentRegion = en;
			hasScannedForEncodings = 0;
			knownRegions = (
				en,
				Base,
			);
			mainGroup = 0EAC2D782091C46A001FB370;
			productRefGroup = 0EAC2D822091C46B001FB370 /* Products */;
			projectDirPath = "";
			projectRoot = "";
			targets = (
				0EAC2D802091C46B001FB370 /* ZIPSpector */,
			);
		};
/* End PBXProject section */

/* Begin PBXResourcesBuildPhase section */
		0EAC2D7F2091C46B001FB370 /* Resources */ = {
			isa = PBXResourcesBuildPhase;
			buildActionMask = 2147483647;
			files = (
				0EAC2D8C2091C46B001FB370 /* Assets.xcassets in Resources */,
				0EAC2D8A2091C46B001FB370 /* Document.xib in Resources */,
				0EAC2D8F2091C46B001FB370 /* MainMenu.xib in Resources */,
			);
			runOnlyForDeploymentPostprocessing = 0;
		};
/* End PBXResourcesBuildPhase section */

/* Begin PBXSourcesBuildPhase section */
		0EAC2D7D2091C46B001FB370 /* Sources */ = {
			isa = PBXSourcesBuildPhase;
			buildActionMask = 2147483647;
			files = (
				0EAC2D872091C46B001FB370 /* Document.swift in Sources */,
				0EAC2D852091C46B001FB370 /* AppDelegate.swift in Sources */,
			);
			runOnlyForDeploymentPostprocessing = 0;
		};
/* End PBXSourcesBuildPhase section */

/* Begin PBXVariantGroup section */
		0EAC2D882091C46B001FB370 /* Document.xib */ = {
			isa = PBXVariantGroup;
			children = (
				0EAC2D892091C46B001FB370 /* Base */,
			);
			name = Document.xib;
			sourceTree = "<group>";
		};
		0EAC2D8D2091C46B001FB370 /* MainMenu.xib */ = {
			isa = PBXVariantGroup;
			children = (
				0EAC2D8E2091C46B001FB370 /* Base */,
			);
			name = MainMenu.xib;
			sourceTree = "<group>";
		};
/* End PBXVariantGroup section */

/* Begin XCBuildConfiguration section */
		0EAC2D922091C46B001FB370 /* Debug */ = {
			isa = XCBuildConfiguration;
			buildSettings = {
				ALWAYS_SEARCH_USER_PATHS = NO;
				CLANG_ANALYZER_NONNULL = YES;
				CLANG_ANALYZER_NUMBER_OBJECT_CONVERSION = YES_AGGRESSIVE;
				CLANG_CXX_LANGUAGE_STANDARD = "gnu++14";
				CLANG_CXX_LIBRARY = "libc++";
				CLANG_ENABLE_MODULES = YES;
				CLANG_ENABLE_OBJC_ARC = YES;
				CLANG_WARN_BLOCK_CAPTURE_AUTORELEASING = YES;
				CLANG_WARN_BOOL_CONVERSION = YES;
				CLANG_WARN_COMMA = YES;
				CLANG_WARN_CONSTANT_CONVERSION = YES;
				CLANG_WARN_DIRECT_OBJC_ISA_USAGE = YES_ERROR;
				CLANG_WARN_DOCUMENTATION_COMMENTS = YES;
				CLANG_WARN_EMPTY_BODY = YES;
				CLANG_WARN_ENUM_CONVERSION = YES;
				CLANG_WARN_INFINITE_RECURSION = YES;
				CLANG_WARN_INT_CONVERSION = YES;
				CLANG_WARN_NON_LITERAL_NULL_CONVERSION = YES;
				CLANG_WARN_OBJC_LITERAL_CONVERSION = YES;
				CLANG_WARN_OBJC_ROOT_CLASS = YES_ERROR;
				CLANG_WARN_RANGE_LOOP_ANALYSIS = YES;
				CLANG_WARN_STRICT_PROTOTYPES = YES;
				CLANG_WARN_SUSPICIOUS_MOVE = YES;
				CLANG_WARN_UNGUARDED_AVAILABILITY = YES_AGGRESSIVE;
				CLANG_WARN_UNREACHABLE_CODE = YES;
				CLANG_WARN__DUPLICATE_METHOD_MATCH = YES;
				CODE_SIGN_IDENTITY = "-";
				COPY_PHASE_STRIP = NO;
				DEBUG_INFORMATION_FORMAT = dwarf;
				ENABLE_STRICT_OBJC_MSGSEND = YES;
				ENABLE_TESTABILITY = YES;
				GCC_C_LANGUAGE_STANDARD = gnu11;
				GCC_DYNAMIC_NO_PIC = NO;
				GCC_NO_COMMON_BLOCKS = YES;
				GCC_OPTIMIZATION_LEVEL = 0;
				GCC_PREPROCESSOR_DEFINITIONS = (
					"DEBUG=1",
					"$(inherited)",
				);
				GCC_WARN_64_TO_32_BIT_CONVERSION = YES;
				GCC_WARN_ABOUT_RETURN_TYPE = YES_ERROR;
				GCC_WARN_UNDECLARED_SELECTOR = YES;
				GCC_WARN_UNINITIALIZED_AUTOS = YES_AGGRESSIVE;
				GCC_WARN_UNUSED_FUNCTION = YES;
				GCC_WARN_UNUSED_VARIABLE = YES;
				MACOSX_DEPLOYMENT_TARGET = 10.12;
				MTL_ENABLE_DEBUG_INFO = YES;
				ONLY_ACTIVE_ARCH = YES;
				SDKROOT = macosx;
				SWIFT_ACTIVE_COMPILATION_CONDITIONS = DEBUG;
				SWIFT_OPTIMIZATION_LEVEL = "-Onone";
			};
			name = Debug;
		};
		0EAC2D932091C46B001FB370 /* Release */ = {
			isa = XCBuildConfiguration;
			buildSettings = {
				ALWAYS_SEARCH_USER_PATHS = NO;
				CLANG_ANALYZER_NONNULL = YES;
				CLANG_ANALYZER_NUMBER_OBJECT_CONVERSION = YES_AGGRESSIVE;
				CLANG_CXX_LANGUAGE_STANDARD = "gnu++14";
				CLANG_CXX_LIBRARY = "libc++";
				CLANG_ENABLE_MODULES = YES;
				CLANG_ENABLE_OBJC_ARC = YES;
				CLANG_WARN_BLOCK_CAPTURE_AUTORELEASING = YES;
				CLANG_WARN_BOOL_CONVERSION = YES;
				CLANG_WARN_COMMA = YES;
				CLANG_WARN_CONSTANT_CONVERSION = YES;
				CLANG_WARN_DIRECT_OBJC_ISA_USAGE = YES_ERROR;
				CLANG_WARN_DOCUMENTATION_COMMENTS = YES;
				CLANG_WARN_EMPTY_BODY = YES;
				CLANG_WARN_ENUM_CONVERSION = YES;
				CLANG_WARN_INFINITE_RECURSION = YES;
				CLANG_WARN_INT_CONVERSION = YES;
				CLANG_WARN_NON_LITERAL_NULL_CONVERSION = YES;
				CLANG_WARN_OBJC_LITERAL_CONVERSION = YES;
				CLANG_WARN_OBJC_ROOT_CLASS = YES_ERROR;
				CLANG_WARN_RANGE_LOOP_ANALYSIS = YES;
				CLANG_WARN_STRICT_PROTOTYPES = YES;
				CLANG_WARN_SUSPICIOUS_MOVE = YES;
				CLANG_WARN_UNGUARDED_AVAILABILITY = YES_AGGRESSIVE;
				CLANG_WARN_UNREACHABLE_CODE = YES;
				CLANG_WARN__DUPLICATE_METHOD_MATCH = YES;
				CODE_SIGN_IDENTITY = "-";
				COPY_PHASE_STRIP = NO;
				DEBUG_INFORMATION_FORMAT = "dwarf-with-dsym";
				ENABLE_NS_ASSERTIONS = NO;
				ENABLE_STRICT_OBJC_MSGSEND = YES;
				GCC_C_LANGUAGE_STANDARD = gnu11;
				GCC_NO_COMMON_BLOCKS = YES;
				GCC_WARN_64_TO_32_BIT_CONVERSION = YES;
				GCC_WARN_ABOUT_RETURN_TYPE = YES_ERROR;
				GCC_WARN_UNDECLARED_SELECTOR = YES;
				GCC_WARN_UNINITIALIZED_AUTOS = YES_AGGRESSIVE;
				GCC_WARN_UNUSED_FUNCTION = YES;
				GCC_WARN_UNUSED_VARIABLE = YES;
				MACOSX_DEPLOYMENT_TARGET = 10.12;
				MTL_ENABLE_DEBUG_INFO = NO;
				SDKROOT = macosx;
				SWIFT_OPTIMIZATION_LEVEL = "-Owholemodule";
			};
			name = Release;
		};
		0EAC2D952091C46B001FB370 /* Debug */ = {
			isa = XCBuildConfiguration;
			buildSettings = {
				ASSETCATALOG_COMPILER_APPICON_NAME = AppIcon;
				CODE_SIGN_ENTITLEMENTS = ZIPSpector/ZIPSpector.entitlements;
				CODE_SIGN_STYLE = Automatic;
				COMBINE_HIDPI_IMAGES = YES;
				INFOPLIST_FILE = ZIPSpector/Info.plist;
				LD_RUNPATH_SEARCH_PATHS = "$(inherited) @executable_path/../Frameworks";
				PRODUCT_BUNDLE_IDENTIFIER = com.exilant.ZIPSpector;
				PRODUCT_NAME = "$(TARGET_NAME)";
				SWIFT_VERSION = 4.0;
			};
			name = Debug;
		};
		0EAC2D962091C46B001FB370 /* Release */ = {
			isa = XCBuildConfiguration;
			buildSettings = {
				ASSETCATALOG_COMPILER_APPICON_NAME = AppIcon;
				CODE_SIGN_ENTITLEMENTS = ZIPSpector/ZIPSpector.entitlements;
				CODE_SIGN_STYLE = Automatic;
				COMBINE_HIDPI_IMAGES = YES;
				INFOPLIST_FILE = ZIPSpector/Info.plist;
				LD_RUNPATH_SEARCH_PATHS = "$(inherited) @executable_path/../Frameworks";
				PRODUCT_BUNDLE_IDENTIFIER = com.exilant.ZIPSpector;
				PRODUCT_NAME = "$(TARGET_NAME)";
				SWIFT_VERSION = 4.0;
			};
			name = Release;
		};
/* End XCBuildConfiguration section */

/* Begin XCConfigurationList section */
		0EAC2D7C2091C46B001FB370 /* Build configuration list for PBXProject "ZIPSpector" */ = {
			isa = XCConfigurationList;
			buildConfigurations = (
				0EAC2D922091C46B001FB370 /* Debug */,
				0EAC2D932091C46B001FB370 /* Release */,
			);
			defaultConfigurationIsVisible = 0;
			defaultConfigurationName = Release;
		};
		0EAC2D942091C46B001FB370 /* Build configuration list for PBXNativeTarget "ZIPSpector" */ = {
			isa = XCConfigurationList;
			buildConfigurations = (
				0EAC2D952091C46B001FB370 /* Debug */,
				0EAC2D962091C46B001FB370 /* Release */,
			);
			defaultConfigurationIsVisible = 0;
			defaultConfigurationName = Release;
		};
/* End XCConfigurationList section */
	};
	rootObject = 0EAC2D792091C46B001FB370 /* Project object */;
}
