// !$*UTF8*$!
{
	archiveVersion = 1;
	classes = {
	};
	objectVersion = 50;
	objects = {

/* Begin PBXBuildFile section */
		0EABF32920CFA4E900098987 /* AppDelegate.swift in Sources */ = {isa = PBXBuildFile; fileRef = 0EABF32820CFA4E900098987 /* AppDelegate.swift */; };
		0EABF32B20CFA4E900098987 /* ViewController.swift in Sources */ = {isa = PBXBuildFile; fileRef = 0EABF32A20CFA4E900098987 /* ViewController.swift */; };
		0EABF32E20CFA4E900098987 /* Main.storyboard in Resources */ = {isa = PBXBuildFile; fileRef = 0EABF32C20CFA4E900098987 /* Main.storyboard */; };
		0EABF33020CFA4F100098987 /* Assets.xcassets in Resources */ = {isa = PBXBuildFile; fileRef = 0EABF32F20CFA4F100098987 /* Assets.xcassets */; };
		0EABF33320CFA4F100098987 /* LaunchScreen.storyboard in Resources */ = {isa = PBXBuildFile; fileRef = 0EABF33120CFA4F100098987 /* LaunchScreen.storyboard */; };
		B9F59F4CF33C7F93FA30EBD1 /* Pods_Reactive_Cocoa_Demo.framework in Frameworks */ = {isa = PBXBuildFile; fileRef = C42B8A61F26C1FF03B906442 /* Pods_Reactive_Cocoa_Demo.framework */; };
/* End PBXBuildFile section */

/* Begin PBXFileReference section */
		0EABF32520CFA4E900098987 /* Reactive Cocoa Demo.app */ = {isa = PBXFileReference; explicitFileType = wrapper.application; includeInIndex = 0; path = "Reactive Cocoa Demo.app"; sourceTree = BUILT_PRODUCTS_DIR; };
		0EABF32820CFA4E900098987 /* AppDelegate.swift */ = {isa = PBXFileReference; lastKnownFileType = sourcecode.swift; path = AppDelegate.swift; sourceTree = "<group>"; };
		0EABF32A20CFA4E900098987 /* ViewController.swift */ = {isa = PBXFileReference; lastKnownFileType = sourcecode.swift; path = ViewController.swift; sourceTree = "<group>"; };
		0EABF32D20CFA4E900098987 /* Base */ = {isa = PBXFileReference; lastKnownFileType = file.storyboard; name = Base; path = Base.lproj/Main.storyboard; sourceTree = "<group>"; };
		0EABF32F20CFA4F100098987 /* Assets.xcassets */ = {isa = PBXFileReference; lastKnownFileType = folder.assetcatalog; path = Assets.xcassets; sourceTree = "<group>"; };
		0EABF33220CFA4F100098987 /* Base */ = {isa = PBXFileReference; lastKnownFileType = file.storyboard; name = Base; path = Base.lproj/LaunchScreen.storyboard; sourceTree = "<group>"; };
		0EABF33420CFA4F100098987 /* Info.plist */ = {isa = PBXFileReference; lastKnownFileType = text.plist.xml; path = Info.plist; sourceTree = "<group>"; };
		265628D2CED5CCEB2A3E3059 /* Pods-Reactive Cocoa Demo.debug.xcconfig */ = {isa = PBXFileReference; includeInIndex = 1; lastKnownFileType = text.xcconfig; name = "Pods-Reactive Cocoa Demo.debug.xcconfig"; path = "Pods/Target Support Files/Pods-Reactive Cocoa Demo/Pods-Reactive Cocoa Demo.debug.xcconfig"; sourceTree = "<group>"; };
		C19EEA619D86196818E24ADA /* Pods-Reactive Cocoa Demo.release.xcconfig */ = {isa = PBXFileReference; includeInIndex = 1; lastKnownFileType = text.xcconfig; name = "Pods-Reactive Cocoa Demo.release.xcconfig"; path = "Pods/Target Support Files/Pods-Reactive Cocoa Demo/Pods-Reactive Cocoa Demo.release.xcconfig"; sourceTree = "<group>"; };
		C42B8A61F26C1FF03B906442 /* Pods_Reactive_Cocoa_Demo.framework */ = {isa = PBXFileReference; explicitFileType = wrapper.framework; includeInIndex = 0; path = Pods_Reactive_Cocoa_Demo.framework; sourceTree = BUILT_PRODUCTS_DIR; };
/* End PBXFileReference section */

/* Begin PBXFrameworksBuildPhase section */
		0EABF32220CFA4E900098987 /* Frameworks */ = {
			isa = PBXFrameworksBuildPhase;
			buildActionMask = 2147483647;
			files = (
				B9F59F4CF33C7F93FA30EBD1 /* Pods_Reactive_Cocoa_Demo.framework in Frameworks */,
			);
			runOnlyForDeploymentPostprocessing = 0;
		};
/* End PBXFrameworksBuildPhase section */

/* Begin PBXGroup section */
		0EABF31C20CFA4E800098987 = {
			isa = PBXGroup;
			children = (
				0EABF32720CFA4E900098987 /* Reactive Cocoa Demo */,
				0EABF32620CFA4E900098987 /* Products */,
				2BC535C8E20391A257F4D7FD /* Pods */,
				54F698392E14B1F43449FDD5 /* Frameworks */,
			);
			sourceTree = "<group>";
		};
		0EABF32620CFA4E900098987 /* Products */ = {
			isa = PBXGroup;
			children = (
				0EABF32520CFA4E900098987 /* Reactive Cocoa Demo.app */,
			);
			name = Products;
			sourceTree = "<group>";
		};
		0EABF32720CFA4E900098987 /* Reactive Cocoa Demo */ = {
			isa = PBXGroup;
			children = (
				0EABF32820CFA4E900098987 /* AppDelegate.swift */,
				0EABF32A20CFA4E900098987 /* ViewController.swift */,
				0EABF32C20CFA4E900098987 /* Main.storyboard */,
				0EABF32F20CFA4F100098987 /* Assets.xcassets */,
				0EABF33120CFA4F100098987 /* LaunchScreen.storyboard */,
				0EABF33420CFA4F100098987 /* Info.plist */,
			);
			path = "Reactive Cocoa Demo";
			sourceTree = "<group>";
		};
		2BC535C8E20391A257F4D7FD /* Pods */ = {
			isa = PBXGroup;
			children = (
				265628D2CED5CCEB2A3E3059 /* Pods-Reactive Cocoa Demo.debug.xcconfig */,
				C19EEA619D86196818E24ADA /* Pods-Reactive Cocoa Demo.release.xcconfig */,
			);
			name = Pods;
			sourceTree = "<group>";
		};
		54F698392E14B1F43449FDD5 /* Frameworks */ = {
			isa = PBXGroup;
			children = (
				C42B8A61F26C1FF03B906442 /* Pods_Reactive_Cocoa_Demo.framework */,
			);
			name = Frameworks;
			sourceTree = "<group>";
		};
/* End PBXGroup section */

/* Begin PBXNativeTarget section */
		0EABF32420CFA4E900098987 /* Reactive Cocoa Demo */ = {
			isa = PBXNativeTarget;
			buildConfigurationList = 0EABF33720CFA4F100098987 /* Build configuration list for PBXNativeTarget "Reactive Cocoa Demo" */;
			buildPhases = (
				4AB0244CE9DBB91E7975DB3F /* [CP] Check Pods Manifest.lock */,
				0EABF32120CFA4E900098987 /* Sources */,
				0EABF32220CFA4E900098987 /* Frameworks */,
				0EABF32320CFA4E900098987 /* Resources */,
				83240FDC0E5D92E9AFB1F37B /* [CP] Embed Pods Frameworks */,
			);
			buildRules = (
			);
			dependencies = (
			);
			name = "Reactive Cocoa Demo";
			productName = "Reactive Cocoa Demo";
			productReference = 0EABF32520CFA4E900098987 /* Reactive Cocoa Demo.app */;
			productType = "com.apple.product-type.application";
		};
/* End PBXNativeTarget section */

/* Begin PBXProject section */
		0EABF31D20CFA4E900098987 /* Project object */ = {
			isa = PBXProject;
			attributes = {
				LastSwiftUpdateCheck = 0930;
				LastUpgradeCheck = 0930;
				ORGANIZATIONNAME = "Nasir Ahmed Momin";
				TargetAttributes = {
					0EABF32420CFA4E900098987 = {
						CreatedOnToolsVersion = 9.3;
					};
				};
			};
			buildConfigurationList = 0EABF32020CFA4E900098987 /* Build configuration list for PBXProject "Reactive Cocoa Demo" */;
			compatibilityVersion = "Xcode 9.3";
			developmentRegion = en;
			hasScannedForEncodings = 0;
			knownRegions = (
				en,
				Base,
			);
			mainGroup = 0EABF31C20CFA4E800098987;
			productRefGroup = 0EABF32620CFA4E900098987 /* Products */;
			projectDirPath = "";
			projectRoot = "";
			targets = (
				0EABF32420CFA4E900098987 /* Reactive Cocoa Demo */,
			);
		};
/* End PBXProject section */

/* Begin PBXResourcesBuildPhase section */
		0EABF32320CFA4E900098987 /* Resources */ = {
			isa = PBXResourcesBuildPhase;
			buildActionMask = 2147483647;
			files = (
				0EABF33320CFA4F100098987 /* LaunchScreen.storyboard in Resources */,
				0EABF33020CFA4F100098987 /* Assets.xcassets in Resources */,
				0EABF32E20CFA4E900098987 /* Main.storyboard in Resources */,
			);
			runOnlyForDeploymentPostprocessing = 0;
		};
/* End PBXResourcesBuildPhase section */

/* Begin PBXShellScriptBuildPhase section */
		4AB0244CE9DBB91E7975DB3F /* [CP] Check Pods Manifest.lock */ = {
			isa = PBXShellScriptBuildPhase;
			buildActionMask = 2147483647;
			files = (
			);
			inputPaths = (
				"${PODS_PODFILE_DIR_PATH}/Podfile.lock",
				"${PODS_ROOT}/Manifest.lock",
			);
			name = "[CP] Check Pods Manifest.lock";
			outputPaths = (
				"$(DERIVED_FILE_DIR)/Pods-Reactive Cocoa Demo-checkManifestLockResult.txt",
			);
			runOnlyForDeploymentPostprocessing = 0;
			shellPath = /bin/sh;
			shellScript = "diff \"${PODS_PODFILE_DIR_PATH}/Podfile.lock\" \"${PODS_ROOT}/Manifest.lock\" > /dev/null\nif [ $? != 0 ] ; then\n    # print error to STDERR\n    echo \"error: The sandbox is not in sync with the Podfile.lock. Run 'pod install' or update your CocoaPods installation.\" >&2\n    exit 1\nfi\n# This output is used by Xcode 'outputs' to avoid re-running this script phase.\necho \"SUCCESS\" > \"${SCRIPT_OUTPUT_FILE_0}\"\n";
			showEnvVarsInLog = 0;
		};
		83240FDC0E5D92E9AFB1F37B /* [CP] Embed Pods Frameworks */ = {
			isa = PBXShellScriptBuildPhase;
			buildActionMask = 2147483647;
			files = (
			);
			inputPaths = (
				"${SRCROOT}/Pods/Target Support Files/Pods-Reactive Cocoa Demo/Pods-Reactive Cocoa Demo-frameworks.sh",
				"${BUILT_PRODUCTS_DIR}/ReactiveCocoa/ReactiveCocoa.framework",
				"${BUILT_PRODUCTS_DIR}/ReactiveSwift/ReactiveSwift.framework",
				"${BUILT_PRODUCTS_DIR}/Result/Result.framework",
			);
			name = "[CP] Embed Pods Frameworks";
			outputPaths = (
				"${TARGET_BUILD_DIR}/${FRAMEWORKS_FOLDER_PATH}/ReactiveCocoa.framework",
				"${TARGET_BUILD_DIR}/${FRAMEWORKS_FOLDER_PATH}/ReactiveSwift.framework",
				"${TARGET_BUILD_DIR}/${FRAMEWORKS_FOLDER_PATH}/Result.framework",
			);
			runOnlyForDeploymentPostprocessing = 0;
			shellPath = /bin/sh;
			shellScript = "\"${SRCROOT}/Pods/Target Support Files/Pods-Reactive Cocoa Demo/Pods-Reactive Cocoa Demo-frameworks.sh\"\n";
			showEnvVarsInLog = 0;
		};
/* End PBXShellScriptBuildPhase section */

/* Begin PBXSourcesBuildPhase section */
		0EABF32120CFA4E900098987 /* Sources */ = {
			isa = PBXSourcesBuildPhase;
			buildActionMask = 2147483647;
			files = (
				0EABF32B20CFA4E900098987 /* ViewController.swift in Sources */,
				0EABF32920CFA4E900098987 /* AppDelegate.swift in Sources */,
			);
			runOnlyForDeploymentPostprocessing = 0;
		};
/* End PBXSourcesBuildPhase section */

/* Begin PBXVariantGroup section */
		0EABF32C20CFA4E900098987 /* Main.storyboard */ = {
			isa = PBXVariantGroup;
			children = (
				0EABF32D20CFA4E900098987 /* Base */,
			);
			name = Main.storyboard;
			sourceTree = "<group>";
		};
		0EABF33120CFA4F100098987 /* LaunchScreen.storyboard */ = {
			isa = PBXVariantGroup;
			children = (
				0EABF33220CFA4F100098987 /* Base */,
			);
			name = LaunchScreen.storyboard;
			sourceTree = "<group>";
		};
/* End PBXVariantGroup section */

/* Begin XCBuildConfiguration section */
		0EABF33520CFA4F100098987 /* Debug */ = {
			isa = XCBuildConfiguration;
			buildSettings = {
				ALWAYS_SEARCH_USER_PATHS = NO;
				CLANG_ANALYZER_NONNULL = YES;
				CLANG_ANALYZER_NUMBER_OBJECT_CONVERSION = YES_AGGRESSIVE;
				CLANG_CXX_LANGUAGE_STANDARD = "gnu++14";
				CLANG_CXX_LIBRARY = "libc++";
				CLANG_ENABLE_MODULES = YES;
				CLANG_ENABLE_OBJC_ARC = YES;
				CLANG_ENABLE_OBJC_WEAK = YES;
				CLANG_WARN_BLOCK_CAPTURE_AUTORELEASING = YES;
				CLANG_WARN_BOOL_CONVERSION = YES;
				CLANG_WARN_COMMA = YES;
				CLANG_WARN_CONSTANT_CONVERSION = YES;
				CLANG_WARN_DEPRECATED_OBJC_IMPLEMENTATIONS = YES;
				CLANG_WARN_DIRECT_OBJC_ISA_USAGE = YES_ERROR;
				CLANG_WARN_DOCUMENTATION_COMMENTS = YES;
				CLANG_WARN_EMPTY_BODY = YES;
				CLANG_WARN_ENUM_CONVERSION = YES;
				CLANG_WARN_INFINITE_RECURSION = YES;
				CLANG_WARN_INT_CONVERSION = YES;
				CLANG_WARN_NON_LITERAL_NULL_CONVERSION = YES;
				CLANG_WARN_OBJC_IMPLICIT_RETAIN_SELF = YES;
				CLANG_WARN_OBJC_LITERAL_CONVERSION = YES;
				CLANG_WARN_OBJC_ROOT_CLASS = YES_ERROR;
				CLANG_WARN_RANGE_LOOP_ANALYSIS = YES;
				CLANG_WARN_STRICT_PROTOTYPES = YES;
				CLANG_WARN_SUSPICIOUS_MOVE = YES;
				CLANG_WARN_UNGUARDED_AVAILABILITY = YES_AGGRESSIVE;
				CLANG_WARN_UNREACHABLE_CODE = YES;
				CLANG_WARN__DUPLICATE_METHOD_MATCH = YES;
				CODE_SIGN_IDENTITY = "iPhone Developer";
				COPY_PHASE_STRIP = NO;
				DEBUG_INFORMATION_FORMAT = dwarf;
				ENABLE_STRICT_OBJC_MSGSEND = YES;
				ENABLE_TESTABILITY = YES;
				GCC_C_LANGUAGE_STANDARD = gnu11;
				GCC_DYNAMIC_NO_PIC = NO;
				GCC_NO_COMMON_BLOCKS = YES;
				GCC_OPTIMIZATION_LEVEL = 0;
				GCC_PREPROCESSOR_DEFINITIONS = (
					"DEBUG=1",
					"$(inherited)",
				);
				GCC_WARN_64_TO_32_BIT_CONVERSION = YES;
				GCC_WARN_ABOUT_RETURN_TYPE = YES_ERROR;
				GCC_WARN_UNDECLARED_SELECTOR = YES;
				GCC_WARN_UNINITIALIZED_AUTOS = YES_AGGRESSIVE;
				GCC_WARN_UNUSED_FUNCTION = YES;
				GCC_WARN_UNUSED_VARIABLE = YES;
				IPHONEOS_DEPLOYMENT_TARGET = 11.3;
				MTL_ENABLE_DEBUG_INFO = YES;
				ONLY_ACTIVE_ARCH = YES;
				SDKROOT = iphoneos;
				SWIFT_ACTIVE_COMPILATION_CONDITIONS = DEBUG;
				SWIFT_OPTIMIZATION_LEVEL = "-Onone";
			};
			name = Debug;
		};
		0EABF33620CFA4F100098987 /* Release */ = {
			isa = XCBuildConfiguration;
			buildSettings = {
				ALWAYS_SEARCH_USER_PATHS = NO;
				CLANG_ANALYZER_NONNULL = YES;
				CLANG_ANALYZER_NUMBER_OBJECT_CONVERSION = YES_AGGRESSIVE;
				CLANG_CXX_LANGUAGE_STANDARD = "gnu++14";
				CLANG_CXX_LIBRARY = "libc++";
				CLANG_ENABLE_MODULES = YES;
				CLANG_ENABLE_OBJC_ARC = YES;
				CLANG_ENABLE_OBJC_WEAK = YES;
				CLANG_WARN_BLOCK_CAPTURE_AUTORELEASING = YES;
				CLANG_WARN_BOOL_CONVERSION = YES;
				CLANG_WARN_COMMA = YES;
				CLANG_WARN_CONSTANT_CONVERSION = YES;
				CLANG_WARN_DEPRECATED_OBJC_IMPLEMENTATIONS = YES;
				CLANG_WARN_DIRECT_OBJC_ISA_USAGE = YES_ERROR;
				CLANG_WARN_DOCUMENTATION_COMMENTS = YES;
				CLANG_WARN_EMPTY_BODY = YES;
				CLANG_WARN_ENUM_CONVERSION = YES;
				CLANG_WARN_INFINITE_RECURSION = YES;
				CLANG_WARN_INT_CONVERSION = YES;
				CLANG_WARN_NON_LITERAL_NULL_CONVERSION = YES;
				CLANG_WARN_OBJC_IMPLICIT_RETAIN_SELF = YES;
				CLANG_WARN_OBJC_LITERAL_CONVERSION = YES;
				CLANG_WARN_OBJC_ROOT_CLASS = YES_ERROR;
				CLANG_WARN_RANGE_LOOP_ANALYSIS = YES;
				CLANG_WARN_STRICT_PROTOTYPES = YES;
				CLANG_WARN_SUSPICIOUS_MOVE = YES;
				CLANG_WARN_UNGUARDED_AVAILABILITY = YES_AGGRESSIVE;
				CLANG_WARN_UNREACHABLE_CODE = YES;
				CLANG_WARN__DUPLICATE_METHOD_MATCH = YES;
				CODE_SIGN_IDENTITY = "iPhone Developer";
				COPY_PHASE_STRIP = NO;
				DEBUG_INFORMATION_FORMAT = "dwarf-with-dsym";
				ENABLE_NS_ASSERTIONS = NO;
				ENABLE_STRICT_OBJC_MSGSEND = YES;
				GCC_C_LANGUAGE_STANDARD = gnu11;
				GCC_NO_COMMON_BLOCKS = YES;
				GCC_WARN_64_TO_32_BIT_CONVERSION = YES;
				GCC_WARN_ABOUT_RETURN_TYPE = YES_ERROR;
				GCC_WARN_UNDECLARED_SELECTOR = YES;
				GCC_WARN_UNINITIALIZED_AUTOS = YES_AGGRESSIVE;
				GCC_WARN_UNUSED_FUNCTION = YES;
				GCC_WARN_UNUSED_VARIABLE = YES;
				IPHONEOS_DEPLOYMENT_TARGET = 11.3;
				MTL_ENABLE_DEBUG_INFO = NO;
				SDKROOT = iphoneos;
				SWIFT_COMPILATION_MODE = wholemodule;
				SWIFT_OPTIMIZATION_LEVEL = "-O";
				VALIDATE_PRODUCT = YES;
			};
			name = Release;
		};
		0EABF33820CFA4F100098987 /* Debug */ = {
			isa = XCBuildConfiguration;
			baseConfigurationReference = 265628D2CED5CCEB2A3E3059 /* Pods-Reactive Cocoa Demo.debug.xcconfig */;
			buildSettings = {
				ASSETCATALOG_COMPILER_APPICON_NAME = AppIcon;
				CODE_SIGN_STYLE = Automatic;
				INFOPLIST_FILE = "Reactive Cocoa Demo/Info.plist";
				LD_RUNPATH_SEARCH_PATHS = (
					"$(inherited)",
					"@executable_path/Frameworks",
				);
				PRODUCT_BUNDLE_IDENTIFIER = "Exilant.Reactive-Cocoa-Demo";
				PRODUCT_NAME = "$(TARGET_NAME)";
				SWIFT_VERSION = 4.0;
				TARGETED_DEVICE_FAMILY = "1,2";
			};
			name = Debug;
		};
		0EABF33920CFA4F100098987 /* Release */ = {
			isa = XCBuildConfiguration;
			baseConfigurationReference = C19EEA619D86196818E24ADA /* Pods-Reactive Cocoa Demo.release.xcconfig */;
			buildSettings = {
				ASSETCATALOG_COMPILER_APPICON_NAME = AppIcon;
				CODE_SIGN_STYLE = Automatic;
				INFOPLIST_FILE = "Reactive Cocoa Demo/Info.plist";
				LD_RUNPATH_SEARCH_PATHS = (
					"$(inherited)",
					"@executable_path/Frameworks",
				);
				PRODUCT_BUNDLE_IDENTIFIER = "Exilant.Reactive-Cocoa-Demo";
				PRODUCT_NAME = "$(TARGET_NAME)";
				SWIFT_VERSION = 4.0;
				TARGETED_DEVICE_FAMILY = "1,2";
			};
			name = Release;
		};
/* End XCBuildConfiguration section */

/* Begin XCConfigurationList section */
		0EABF32020CFA4E900098987 /* Build configuration list for PBXProject "Reactive Cocoa Demo" */ = {
			isa = XCConfigurationList;
			buildConfigurations = (
				0EABF33520CFA4F100098987 /* Debug */,
				0EABF33620CFA4F100098987 /* Release */,
			);
			defaultConfigurationIsVisible = 0;
			defaultConfigurationName = Release;
		};
		0EABF33720CFA4F100098987 /* Build configuration list for PBXNativeTarget "Reactive Cocoa Demo" */ = {
			isa = XCConfigurationList;
			buildConfigurations = (
				0EABF33820CFA4F100098987 /* Debug */,
				0EABF33920CFA4F100098987 /* Release */,
			);
			defaultConfigurationIsVisible = 0;
			defaultConfigurationName = Release;
		};
/* End XCConfigurationList section */
	};
	rootObject = 0EABF31D20CFA4E900098987 /* Project object */;
}
